// !$*UTF8*$!
{
	archiveVersion = 1;
	classes = {
	};
	objectVersion = 46;
	objects = {

/* Begin PBXBuildFile section */
		5820CAF8212BB7D50006F54A /* ChildViewController.swift in Sources */ = {isa = PBXBuildFile; fileRef = 5820CAF7212BB7D40006F54A /* ChildViewController.swift */; };
		583169E820A2CB8C003090FF /* RegularExpression.swift in Sources */ = {isa = PBXBuildFile; fileRef = 583169E720A2CB8C003090FF /* RegularExpression.swift */; };
		583169EB20A2DF6C003090FF /* IphoneName.swift in Sources */ = {isa = PBXBuildFile; fileRef = 583169EA20A2DF6C003090FF /* IphoneName.swift */; };
		583169EF20A2DF8B003090FF /* RemoteNotification.swift in Sources */ = {isa = PBXBuildFile; fileRef = 583169ED20A2DF8B003090FF /* RemoteNotification.swift */; };
		583169F020A2DF8B003090FF /* UserAuthorization.swift in Sources */ = {isa = PBXBuildFile; fileRef = 583169EE20A2DF8B003090FF /* UserAuthorization.swift */; };
		583169F320A2DFA3003090FF /* ConvenienceInit.swift in Sources */ = {isa = PBXBuildFile; fileRef = 583169F220A2DFA2003090FF /* ConvenienceInit.swift */; };
		583169F820A2DFCD003090FF /* AttributedString.swift in Sources */ = {isa = PBXBuildFile; fileRef = 583169F620A2DFCD003090FF /* AttributedString.swift */; };
		583169FB20A2DFEA003090FF /* ImagePicker.swift in Sources */ = {isa = PBXBuildFile; fileRef = 583169FA20A2DFEA003090FF /* ImagePicker.swift */; };
		583169FE20A2E01A003090FF /* CurrentViewController.swift in Sources */ = {isa = PBXBuildFile; fileRef = 583169FD20A2E019003090FF /* CurrentViewController.swift */; };
		58316A0220A2E034003090FF /* JsonSerialization.swift in Sources */ = {isa = PBXBuildFile; fileRef = 58316A0020A2E034003090FF /* JsonSerialization.swift */; };
		58316A0320A2E034003090FF /* FileContent.swift in Sources */ = {isa = PBXBuildFile; fileRef = 58316A0120A2E034003090FF /* FileContent.swift */; };
		58316A0720A2E046003090FF /* UIView+Frame.swift in Sources */ = {isa = PBXBuildFile; fileRef = 58316A0520A2E046003090FF /* UIView+Frame.swift */; };
		58316A0820A2E046003090FF /* UIScreen+Frame.swift in Sources */ = {isa = PBXBuildFile; fileRef = 58316A0620A2E046003090FF /* UIScreen+Frame.swift */; };
		58316A0D20A2E119003090FF /* Validations.swift in Sources */ = {isa = PBXBuildFile; fileRef = 58316A0C20A2E119003090FF /* Validations.swift */; };
		583336DB20BD3FF0002EE409 /* Delay.swift in Sources */ = {isa = PBXBuildFile; fileRef = 583336DA20BD3FF0002EE409 /* Delay.swift */; };
		58411402212E5F48001E27D3 /* AnyOf.swift in Sources */ = {isa = PBXBuildFile; fileRef = 58411401212E5F48001E27D3 /* AnyOf.swift */; };
		5843AF0520BD4CA900488D93 /* LiteralDispatchTime.swift in Sources */ = {isa = PBXBuildFile; fileRef = 5843AF0420BD4CA900488D93 /* LiteralDispatchTime.swift */; };
		584D7E2C1EC19EFE00E3D1A6 /* StringExtension.swift in Sources */ = {isa = PBXBuildFile; fileRef = 584D7E2B1EC19EFE00E3D1A6 /* StringExtension.swift */; };
		5887F7C52111462B00D582E4 /* DispatchQueue+Extention.swift in Sources */ = {isa = PBXBuildFile; fileRef = 5887F7C42111462B00D582E4 /* DispatchQueue+Extention.swift */; };
		588BD8F920FC403900009790 /* SafeAsync.swift in Sources */ = {isa = PBXBuildFile; fileRef = 588BD8F820FC403900009790 /* SafeAsync.swift */; };
		58B2B9022133A42E00D6258C /* EnumMap.swift in Sources */ = {isa = PBXBuildFile; fileRef = 58B2B9012133A42E00D6258C /* EnumMap.swift */; };
		58B715A81EC01C70004A2FA7 /* AppDelegate.swift in Sources */ = {isa = PBXBuildFile; fileRef = 58B715A71EC01C70004A2FA7 /* AppDelegate.swift */; };
		58B715AA1EC01C70004A2FA7 /* ViewController.swift in Sources */ = {isa = PBXBuildFile; fileRef = 58B715A91EC01C70004A2FA7 /* ViewController.swift */; };
		58B715AD1EC01C70004A2FA7 /* Main.storyboard in Resources */ = {isa = PBXBuildFile; fileRef = 58B715AB1EC01C70004A2FA7 /* Main.storyboard */; };
		58B715AF1EC01C70004A2FA7 /* Assets.xcassets in Resources */ = {isa = PBXBuildFile; fileRef = 58B715AE1EC01C70004A2FA7 /* Assets.xcassets */; };
		58B715B21EC01C70004A2FA7 /* LaunchScreen.storyboard in Resources */ = {isa = PBXBuildFile; fileRef = 58B715B01EC01C70004A2FA7 /* LaunchScreen.storyboard */; };
		58B715BF1EC01DD3004A2FA7 /* GZHKit.swift in Sources */ = {isa = PBXBuildFile; fileRef = 58B715BD1EC01DD3004A2FA7 /* GZHKit.swift */; };
		58B715C81EC03032004A2FA7 /* ReusableCell.swift in Sources */ = {isa = PBXBuildFile; fileRef = 58B715C71EC03032004A2FA7 /* ReusableCell.swift */; };
		58B715D01EC03E6C004A2FA7 /* WindowExtension.swift in Sources */ = {isa = PBXBuildFile; fileRef = 58B715CF1EC03E6C004A2FA7 /* WindowExtension.swift */; };
		58B715D41EC04141004A2FA7 /* StoryboardExtension.swift in Sources */ = {isa = PBXBuildFile; fileRef = 58B715D31EC04141004A2FA7 /* StoryboardExtension.swift */; };
		58B715D61EC04483004A2FA7 /* UITextField+Placeholder.swift in Sources */ = {isa = PBXBuildFile; fileRef = 58B715D51EC04483004A2FA7 /* UITextField+Placeholder.swift */; };
		58B715D81EC04970004A2FA7 /* BarButtonItemExtension.swift in Sources */ = {isa = PBXBuildFile; fileRef = 58B715D71EC04970004A2FA7 /* BarButtonItemExtension.swift */; };
		58B715DA1EC04CDA004A2FA7 /* UIImage+Color.swift in Sources */ = {isa = PBXBuildFile; fileRef = 58B715D91EC04CDA004A2FA7 /* UIImage+Color.swift */; };
		58B715DC1EC05322004A2FA7 /* HexColor.swift in Sources */ = {isa = PBXBuildFile; fileRef = 58B715DB1EC05322004A2FA7 /* HexColor.swift */; };
		58BDC5E620C4E010005D8621 /* UserDefaults+Subscript.swift in Sources */ = {isa = PBXBuildFile; fileRef = 58BDC5E520C4E010005D8621 /* UserDefaults+Subscript.swift */; };
		58E4D93D2109C0B50095625F /* DefaultAnimated.swift in Sources */ = {isa = PBXBuildFile; fileRef = 58E4D93C2109C0B50095625F /* DefaultAnimated.swift */; };
		7393EE87FA48A8533657F841 /* Pods_GZHKitSwiftExample.framework in Frameworks */ = {isa = PBXBuildFile; fileRef = 6E89DD5FEA3203D3F1180E25 /* Pods_GZHKitSwiftExample.framework */; };
/* End PBXBuildFile section */

/* Begin PBXFileReference section */
		5820CAF7212BB7D40006F54A /* ChildViewController.swift */ = {isa = PBXFileReference; fileEncoding = 4; lastKnownFileType = sourcecode.swift; path = ChildViewController.swift; sourceTree = "<group>"; };
		583169E720A2CB8C003090FF /* RegularExpression.swift */ = {isa = PBXFileReference; fileEncoding = 4; lastKnownFileType = sourcecode.swift; path = RegularExpression.swift; sourceTree = "<group>"; };
		583169EA20A2DF6C003090FF /* IphoneName.swift */ = {isa = PBXFileReference; fileEncoding = 4; lastKnownFileType = sourcecode.swift; path = IphoneName.swift; sourceTree = "<group>"; };
		583169ED20A2DF8B003090FF /* RemoteNotification.swift */ = {isa = PBXFileReference; fileEncoding = 4; lastKnownFileType = sourcecode.swift; path = RemoteNotification.swift; sourceTree = "<group>"; };
		583169EE20A2DF8B003090FF /* UserAuthorization.swift */ = {isa = PBXFileReference; fileEncoding = 4; lastKnownFileType = sourcecode.swift; path = UserAuthorization.swift; sourceTree = "<group>"; };
		583169F220A2DFA2003090FF /* ConvenienceInit.swift */ = {isa = PBXFileReference; fileEncoding = 4; lastKnownFileType = sourcecode.swift; path = ConvenienceInit.swift; sourceTree = "<group>"; };
		583169F620A2DFCD003090FF /* AttributedString.swift */ = {isa = PBXFileReference; fileEncoding = 4; lastKnownFileType = sourcecode.swift; path = AttributedString.swift; sourceTree = "<group>"; };
		583169FA20A2DFEA003090FF /* ImagePicker.swift */ = {isa = PBXFileReference; fileEncoding = 4; lastKnownFileType = sourcecode.swift; path = ImagePicker.swift; sourceTree = "<group>"; };
		583169FD20A2E019003090FF /* CurrentViewController.swift */ = {isa = PBXFileReference; fileEncoding = 4; lastKnownFileType = sourcecode.swift; path = CurrentViewController.swift; sourceTree = "<group>"; };
		58316A0020A2E034003090FF /* JsonSerialization.swift */ = {isa = PBXFileReference; fileEncoding = 4; lastKnownFileType = sourcecode.swift; path = JsonSerialization.swift; sourceTree = "<group>"; };
		58316A0120A2E034003090FF /* FileContent.swift */ = {isa = PBXFileReference; fileEncoding = 4; lastKnownFileType = sourcecode.swift; path = FileContent.swift; sourceTree = "<group>"; };
		58316A0520A2E046003090FF /* UIView+Frame.swift */ = {isa = PBXFileReference; fileEncoding = 4; lastKnownFileType = sourcecode.swift; path = "UIView+Frame.swift"; sourceTree = "<group>"; };
		58316A0620A2E046003090FF /* UIScreen+Frame.swift */ = {isa = PBXFileReference; fileEncoding = 4; lastKnownFileType = sourcecode.swift; path = "UIScreen+Frame.swift"; sourceTree = "<group>"; };
		58316A0C20A2E119003090FF /* Validations.swift */ = {isa = PBXFileReference; fileEncoding = 4; lastKnownFileType = sourcecode.swift; path = Validations.swift; sourceTree = "<group>"; };
		583336DA20BD3FF0002EE409 /* Delay.swift */ = {isa = PBXFileReference; lastKnownFileType = sourcecode.swift; path = Delay.swift; sourceTree = "<group>"; };
		58411401212E5F48001E27D3 /* AnyOf.swift */ = {isa = PBXFileReference; lastKnownFileType = sourcecode.swift; path = AnyOf.swift; sourceTree = "<group>"; };
		5843AF0420BD4CA900488D93 /* LiteralDispatchTime.swift */ = {isa = PBXFileReference; lastKnownFileType = sourcecode.swift; path = LiteralDispatchTime.swift; sourceTree = "<group>"; };
		584D7E2B1EC19EFE00E3D1A6 /* StringExtension.swift */ = {isa = PBXFileReference; fileEncoding = 4; lastKnownFileType = sourcecode.swift; path = StringExtension.swift; sourceTree = "<group>"; };
		5887F7C42111462B00D582E4 /* DispatchQueue+Extention.swift */ = {isa = PBXFileReference; lastKnownFileType = sourcecode.swift; path = "DispatchQueue+Extention.swift"; sourceTree = "<group>"; };
		588BD8F820FC403900009790 /* SafeAsync.swift */ = {isa = PBXFileReference; fileEncoding = 4; lastKnownFileType = sourcecode.swift; path = SafeAsync.swift; sourceTree = "<group>"; };
		58B2B9012133A42E00D6258C /* EnumMap.swift */ = {isa = PBXFileReference; lastKnownFileType = sourcecode.swift; path = EnumMap.swift; sourceTree = "<group>"; };
		58B715A41EC01C70004A2FA7 /* GZHKitSwiftExample.app */ = {isa = PBXFileReference; explicitFileType = wrapper.application; includeInIndex = 0; path = GZHKitSwiftExample.app; sourceTree = BUILT_PRODUCTS_DIR; };
		58B715A71EC01C70004A2FA7 /* AppDelegate.swift */ = {isa = PBXFileReference; lastKnownFileType = sourcecode.swift; path = AppDelegate.swift; sourceTree = "<group>"; };
		58B715A91EC01C70004A2FA7 /* ViewController.swift */ = {isa = PBXFileReference; lastKnownFileType = sourcecode.swift; path = ViewController.swift; sourceTree = "<group>"; };
		58B715AC1EC01C70004A2FA7 /* Base */ = {isa = PBXFileReference; lastKnownFileType = file.storyboard; name = Base; path = Base.lproj/Main.storyboard; sourceTree = "<group>"; };
		58B715AE1EC01C70004A2FA7 /* Assets.xcassets */ = {isa = PBXFileReference; lastKnownFileType = folder.assetcatalog; path = Assets.xcassets; sourceTree = "<group>"; };
		58B715B11EC01C70004A2FA7 /* Base */ = {isa = PBXFileReference; lastKnownFileType = file.storyboard; name = Base; path = Base.lproj/LaunchScreen.storyboard; sourceTree = "<group>"; };
		58B715B31EC01C70004A2FA7 /* Info.plist */ = {isa = PBXFileReference; lastKnownFileType = text.plist.xml; path = Info.plist; sourceTree = "<group>"; };
		58B715BD1EC01DD3004A2FA7 /* GZHKit.swift */ = {isa = PBXFileReference; fileEncoding = 4; lastKnownFileType = sourcecode.swift; path = GZHKit.swift; sourceTree = "<group>"; };
		58B715C71EC03032004A2FA7 /* ReusableCell.swift */ = {isa = PBXFileReference; fileEncoding = 4; lastKnownFileType = sourcecode.swift; path = ReusableCell.swift; sourceTree = "<group>"; };
		58B715CF1EC03E6C004A2FA7 /* WindowExtension.swift */ = {isa = PBXFileReference; fileEncoding = 4; lastKnownFileType = sourcecode.swift; path = WindowExtension.swift; sourceTree = "<group>"; };
		58B715D31EC04141004A2FA7 /* StoryboardExtension.swift */ = {isa = PBXFileReference; fileEncoding = 4; lastKnownFileType = sourcecode.swift; path = StoryboardExtension.swift; sourceTree = "<group>"; };
		58B715D51EC04483004A2FA7 /* UITextField+Placeholder.swift */ = {isa = PBXFileReference; fileEncoding = 4; lastKnownFileType = sourcecode.swift; path = "UITextField+Placeholder.swift"; sourceTree = "<group>"; };
		58B715D71EC04970004A2FA7 /* BarButtonItemExtension.swift */ = {isa = PBXFileReference; fileEncoding = 4; lastKnownFileType = sourcecode.swift; path = BarButtonItemExtension.swift; sourceTree = "<group>"; };
		58B715D91EC04CDA004A2FA7 /* UIImage+Color.swift */ = {isa = PBXFileReference; fileEncoding = 4; lastKnownFileType = sourcecode.swift; path = "UIImage+Color.swift"; sourceTree = "<group>"; };
		58B715DB1EC05322004A2FA7 /* HexColor.swift */ = {isa = PBXFileReference; fileEncoding = 4; lastKnownFileType = sourcecode.swift; path = HexColor.swift; sourceTree = "<group>"; };
		58BDC5E520C4E010005D8621 /* UserDefaults+Subscript.swift */ = {isa = PBXFileReference; lastKnownFileType = sourcecode.swift; path = "UserDefaults+Subscript.swift"; sourceTree = "<group>"; };
		58E4D93C2109C0B50095625F /* DefaultAnimated.swift */ = {isa = PBXFileReference; fileEncoding = 4; lastKnownFileType = sourcecode.swift; path = DefaultAnimated.swift; sourceTree = "<group>"; };
		6E89DD5FEA3203D3F1180E25 /* Pods_GZHKitSwiftExample.framework */ = {isa = PBXFileReference; explicitFileType = wrapper.framework; includeInIndex = 0; path = Pods_GZHKitSwiftExample.framework; sourceTree = BUILT_PRODUCTS_DIR; };
		70843A45BD1E2167EE15A1AE /* Pods-GZHKitSwiftExample.debug.xcconfig */ = {isa = PBXFileReference; includeInIndex = 1; lastKnownFileType = text.xcconfig; name = "Pods-GZHKitSwiftExample.debug.xcconfig"; path = "Pods/Target Support Files/Pods-GZHKitSwiftExample/Pods-GZHKitSwiftExample.debug.xcconfig"; sourceTree = "<group>"; };
		92185F624B88C452E47DB081 /* Pods-GZHKitSwiftExample.release.xcconfig */ = {isa = PBXFileReference; includeInIndex = 1; lastKnownFileType = text.xcconfig; name = "Pods-GZHKitSwiftExample.release.xcconfig"; path = "Pods/Target Support Files/Pods-GZHKitSwiftExample/Pods-GZHKitSwiftExample.release.xcconfig"; sourceTree = "<group>"; };
/* End PBXFileReference section */

/* Begin PBXFrameworksBuildPhase section */
		58B715A11EC01C70004A2FA7 /* Frameworks */ = {
			isa = PBXFrameworksBuildPhase;
			buildActionMask = 2147483647;
			files = (
				7393EE87FA48A8533657F841 /* Pods_GZHKitSwiftExample.framework in Frameworks */,
			);
			runOnlyForDeploymentPostprocessing = 0;
		};
/* End PBXFrameworksBuildPhase section */

/* Begin PBXGroup section */
		4B2C31879D6E3CB2FFD970C5 /* Pods */ = {
			isa = PBXGroup;
			children = (
				70843A45BD1E2167EE15A1AE /* Pods-GZHKitSwiftExample.debug.xcconfig */,
				92185F624B88C452E47DB081 /* Pods-GZHKitSwiftExample.release.xcconfig */,
			);
			name = Pods;
			sourceTree = "<group>";
		};
		4C190D9CB475CB59FBBFC3B7 /* Frameworks */ = {
			isa = PBXGroup;
			children = (
				6E89DD5FEA3203D3F1180E25 /* Pods_GZHKitSwiftExample.framework */,
			);
			name = Frameworks;
			sourceTree = "<group>";
		};
		583169E620A2CB8C003090FF /* ConvenienceOperation */ = {
			isa = PBXGroup;
			children = (
				583169E720A2CB8C003090FF /* RegularExpression.swift */,
				58411401212E5F48001E27D3 /* AnyOf.swift */,
			);
			path = ConvenienceOperation;
			sourceTree = "<group>";
		};
		583169E920A2DF6C003090FF /* Device */ = {
			isa = PBXGroup;
			children = (
				583169EA20A2DF6C003090FF /* IphoneName.swift */,
			);
			path = Device;
			sourceTree = "<group>";
		};
		583169EC20A2DF8B003090FF /* UserAuthorization */ = {
			isa = PBXGroup;
			children = (
				583169ED20A2DF8B003090FF /* RemoteNotification.swift */,
				583169EE20A2DF8B003090FF /* UserAuthorization.swift */,
			);
			path = UserAuthorization;
			sourceTree = "<group>";
		};
		583169F120A2DFA2003090FF /* UI+Extension */ = {
			isa = PBXGroup;
			children = (
				58B715D71EC04970004A2FA7 /* BarButtonItemExtension.swift */,
				583169F220A2DFA2003090FF /* ConvenienceInit.swift */,
				58E4D93C2109C0B50095625F /* DefaultAnimated.swift */,
				58B715C71EC03032004A2FA7 /* ReusableCell.swift */,
				58B715D31EC04141004A2FA7 /* StoryboardExtension.swift */,
				58B715D51EC04483004A2FA7 /* UITextField+Placeholder.swift */,
				58B715CF1EC03E6C004A2FA7 /* WindowExtension.swift */,
			);
			path = "UI+Extension";
			sourceTree = "<group>";
		};
		583169F420A2DFCD003090FF /* AttributedString */ = {
			isa = PBXGroup;
			children = (
				583169F620A2DFCD003090FF /* AttributedString.swift */,
			);
			path = AttributedString;
			sourceTree = "<group>";
		};
		583169F920A2DFEA003090FF /* ImagePicker */ = {
			isa = PBXGroup;
			children = (
				583169FA20A2DFEA003090FF /* ImagePicker.swift */,
			);
			path = ImagePicker;
			sourceTree = "<group>";
		};
		583169FC20A2E019003090FF /* ViewController */ = {
			isa = PBXGroup;
			children = (
				5820CAF7212BB7D40006F54A /* ChildViewController.swift */,
				583169FD20A2E019003090FF /* CurrentViewController.swift */,
			);
			path = ViewController;
			sourceTree = "<group>";
		};
		583169FF20A2E034003090FF /* LocalFile */ = {
			isa = PBXGroup;
			children = (
				58316A0120A2E034003090FF /* FileContent.swift */,
				58316A0020A2E034003090FF /* JsonSerialization.swift */,
				584D7E2B1EC19EFE00E3D1A6 /* StringExtension.swift */,
			);
			path = LocalFile;
			sourceTree = "<group>";
		};
		58316A0420A2E045003090FF /* Frame */ = {
			isa = PBXGroup;
			children = (
				58316A0620A2E046003090FF /* UIScreen+Frame.swift */,
				58316A0520A2E046003090FF /* UIView+Frame.swift */,
			);
			path = Frame;
			sourceTree = "<group>";
		};
		58316A0920A2E082003090FF /* Image */ = {
			isa = PBXGroup;
			children = (
				58B715D91EC04CDA004A2FA7 /* UIImage+Color.swift */,
			);
			path = Image;
			sourceTree = "<group>";
		};
		58316A0A20A2E0C9003090FF /* Color */ = {
			isa = PBXGroup;
			children = (
				58B715DB1EC05322004A2FA7 /* HexColor.swift */,
			);
			path = Color;
			sourceTree = "<group>";
		};
		58316A0B20A2E119003090FF /* Validations */ = {
			isa = PBXGroup;
			children = (
				58316A0C20A2E119003090FF /* Validations.swift */,
			);
			path = Validations;
			sourceTree = "<group>";
		};
		583336D920BD3F94002EE409 /* GCD */ = {
			isa = PBXGroup;
			children = (
				588BD8F820FC403900009790 /* SafeAsync.swift */,
				583336DA20BD3FF0002EE409 /* Delay.swift */,
				5843AF0420BD4CA900488D93 /* LiteralDispatchTime.swift */,
				5887F7C42111462B00D582E4 /* DispatchQueue+Extention.swift */,
			);
			path = GCD;
			sourceTree = "<group>";
		};
		58B2B9002133A41400D6258C /* EnumMap */ = {
			isa = PBXGroup;
			children = (
				58B2B9012133A42E00D6258C /* EnumMap.swift */,
			);
			path = EnumMap;
			sourceTree = "<group>";
		};
		58B7159B1EC01C70004A2FA7 = {
			isa = PBXGroup;
			children = (
				58B715A61EC01C70004A2FA7 /* GZHKitSwiftExample */,
				58B715A51EC01C70004A2FA7 /* Products */,
				4B2C31879D6E3CB2FFD970C5 /* Pods */,
				4C190D9CB475CB59FBBFC3B7 /* Frameworks */,
			);
			sourceTree = "<group>";
		};
		58B715A51EC01C70004A2FA7 /* Products */ = {
			isa = PBXGroup;
			children = (
				58B715A41EC01C70004A2FA7 /* GZHKitSwiftExample.app */,
			);
			name = Products;
			sourceTree = "<group>";
		};
		58B715A61EC01C70004A2FA7 /* GZHKitSwiftExample */ = {
			isa = PBXGroup;
			children = (
				58B2B9002133A41400D6258C /* EnumMap */,
				58B715BC1EC01DC7004A2FA7 /* GZHKitSwift */,
				58E4D93E2109CA2F0095625F /* ... */,
			);
			path = GZHKitSwiftExample;
			sourceTree = "<group>";
		};
		58B715BC1EC01DC7004A2FA7 /* GZHKitSwift */ = {
			isa = PBXGroup;
			children = (
				58B715BD1EC01DD3004A2FA7 /* GZHKit.swift */,
				583169F420A2DFCD003090FF /* AttributedString */,
				58316A0A20A2E0C9003090FF /* Color */,
				583169FC20A2E019003090FF /* ViewController */,
				583169E920A2DF6C003090FF /* Device */,
				58316A0420A2E045003090FF /* Frame */,
				583336D920BD3F94002EE409 /* GCD */,
				58316A0920A2E082003090FF /* Image */,
				583169F920A2DFEA003090FF /* ImagePicker */,
				583169FF20A2E034003090FF /* LocalFile */,
				583169E620A2CB8C003090FF /* ConvenienceOperation */,
				583169F120A2DFA2003090FF /* UI+Extension */,
				583169EC20A2DF8B003090FF /* UserAuthorization */,
				58BDC5E420C4DFE7005D8621 /* UserDefaults */,
				58316A0B20A2E119003090FF /* Validations */,
			);
			path = GZHKitSwift;
			sourceTree = SOURCE_ROOT;
		};
		58BDC5E420C4DFE7005D8621 /* UserDefaults */ = {
			isa = PBXGroup;
			children = (
				58BDC5E520C4E010005D8621 /* UserDefaults+Subscript.swift */,
			);
			path = UserDefaults;
			sourceTree = "<group>";
		};
		58E4D93E2109CA2F0095625F /* ... */ = {
			isa = PBXGroup;
			children = (
				58B715A71EC01C70004A2FA7 /* AppDelegate.swift */,
				58B715AE1EC01C70004A2FA7 /* Assets.xcassets */,
				58B715B31EC01C70004A2FA7 /* Info.plist */,
				58B715B01EC01C70004A2FA7 /* LaunchScreen.storyboard */,
				58B715AB1EC01C70004A2FA7 /* Main.storyboard */,
				58B715A91EC01C70004A2FA7 /* ViewController.swift */,
			);
			name = ...;
			sourceTree = "<group>";
		};
/* End PBXGroup section */

/* Begin PBXNativeTarget section */
		58B715A31EC01C70004A2FA7 /* GZHKitSwiftExample */ = {
			isa = PBXNativeTarget;
			buildConfigurationList = 58B715B61EC01C70004A2FA7 /* Build configuration list for PBXNativeTarget "GZHKitSwiftExample" */;
			buildPhases = (
				5B9AA03B896C8A15DF0EAEC0 /* [CP] Check Pods Manifest.lock */,
				58B715A01EC01C70004A2FA7 /* Sources */,
				58B715A11EC01C70004A2FA7 /* Frameworks */,
				58B715A21EC01C70004A2FA7 /* Resources */,
				583169E520A2C856003090FF /* [Swift Lint] */,
			);
			buildRules = (
			);
			dependencies = (
			);
			name = GZHKitSwiftExample;
			productName = GZHKitSwiftExample;
			productReference = 58B715A41EC01C70004A2FA7 /* GZHKitSwiftExample.app */;
			productType = "com.apple.product-type.application";
		};
/* End PBXNativeTarget section */

/* Begin PBXProject section */
		58B7159C1EC01C70004A2FA7 /* Project object */ = {
			isa = PBXProject;
			attributes = {
				LastSwiftUpdateCheck = 0830;
				LastUpgradeCheck = 0930;
				ORGANIZATIONNAME = "顾振华";
				TargetAttributes = {
					58B715A31EC01C70004A2FA7 = {
						CreatedOnToolsVersion = 8.3.2;
						LastSwiftMigration = 1000;
						ProvisioningStyle = Automatic;
					};
				};
			};
			buildConfigurationList = 58B7159F1EC01C70004A2FA7 /* Build configuration list for PBXProject "GZHKitSwiftExample" */;
			compatibilityVersion = "Xcode 3.2";
			developmentRegion = English;
			hasScannedForEncodings = 0;
			knownRegions = (
				en,
				Base,
			);
			mainGroup = 58B7159B1EC01C70004A2FA7;
			productRefGroup = 58B715A51EC01C70004A2FA7 /* Products */;
			projectDirPath = "";
			projectRoot = "";
			targets = (
				58B715A31EC01C70004A2FA7 /* GZHKitSwiftExample */,
			);
		};
/* End PBXProject section */

/* Begin PBXResourcesBuildPhase section */
		58B715A21EC01C70004A2FA7 /* Resources */ = {
			isa = PBXResourcesBuildPhase;
			buildActionMask = 2147483647;
			files = (
				58B715B21EC01C70004A2FA7 /* LaunchScreen.storyboard in Resources */,
				58B715AF1EC01C70004A2FA7 /* Assets.xcassets in Resources */,
				58B715AD1EC01C70004A2FA7 /* Main.storyboard in Resources */,
			);
			runOnlyForDeploymentPostprocessing = 0;
		};
/* End PBXResourcesBuildPhase section */

/* Begin PBXShellScriptBuildPhase section */
		583169E520A2C856003090FF /* [Swift Lint] */ = {
			isa = PBXShellScriptBuildPhase;
			buildActionMask = 2147483647;
			files = (
			);
			inputPaths = (
			);
			name = "[Swift Lint]";
			outputPaths = (
			);
			runOnlyForDeploymentPostprocessing = 0;
			shellPath = /bin/sh;
			shellScript = "\"${PODS_ROOT}/SwiftLint/swiftlint\"";
		};
		5B9AA03B896C8A15DF0EAEC0 /* [CP] Check Pods Manifest.lock */ = {
			isa = PBXShellScriptBuildPhase;
			buildActionMask = 2147483647;
			files = (
			);
			inputPaths = (
				"${PODS_PODFILE_DIR_PATH}/Podfile.lock",
				"${PODS_ROOT}/Manifest.lock",
			);
			name = "[CP] Check Pods Manifest.lock";
			outputPaths = (
				"$(DERIVED_FILE_DIR)/Pods-GZHKitSwiftExample-checkManifestLockResult.txt",
			);
			runOnlyForDeploymentPostprocessing = 0;
			shellPath = /bin/sh;
			shellScript = "diff \"${PODS_PODFILE_DIR_PATH}/Podfile.lock\" \"${PODS_ROOT}/Manifest.lock\" > /dev/null\nif [ $? != 0 ] ; then\n    # print error to STDERR\n    echo \"error: The sandbox is not in sync with the Podfile.lock. Run 'pod install' or update your CocoaPods installation.\" >&2\n    exit 1\nfi\n# This output is used by Xcode 'outputs' to avoid re-running this script phase.\necho \"SUCCESS\" > \"${SCRIPT_OUTPUT_FILE_0}\"\n";
			showEnvVarsInLog = 0;
		};
/* End PBXShellScriptBuildPhase section */

/* Begin PBXSourcesBuildPhase section */
		58B715A01EC01C70004A2FA7 /* Sources */ = {
			isa = PBXSourcesBuildPhase;
			buildActionMask = 2147483647;
			files = (
				58B715D41EC04141004A2FA7 /* StoryboardExtension.swift in Sources */,
				584D7E2C1EC19EFE00E3D1A6 /* StringExtension.swift in Sources */,
				58B715DA1EC04CDA004A2FA7 /* UIImage+Color.swift in Sources */,
				58B715C81EC03032004A2FA7 /* ReusableCell.swift in Sources */,
				583169EB20A2DF6C003090FF /* IphoneName.swift in Sources */,
				583169FB20A2DFEA003090FF /* ImagePicker.swift in Sources */,
				58B715D81EC04970004A2FA7 /* BarButtonItemExtension.swift in Sources */,
				583169EF20A2DF8B003090FF /* RemoteNotification.swift in Sources */,
				583169F020A2DF8B003090FF /* UserAuthorization.swift in Sources */,
				58B715AA1EC01C70004A2FA7 /* ViewController.swift in Sources */,
				58316A0D20A2E119003090FF /* Validations.swift in Sources */,
				58E4D93D2109C0B50095625F /* DefaultAnimated.swift in Sources */,
				58B715DC1EC05322004A2FA7 /* HexColor.swift in Sources */,
				58411402212E5F48001E27D3 /* AnyOf.swift in Sources */,
				58316A0220A2E034003090FF /* JsonSerialization.swift in Sources */,
				583169F820A2DFCD003090FF /* AttributedString.swift in Sources */,
				583336DB20BD3FF0002EE409 /* Delay.swift in Sources */,
				58316A0320A2E034003090FF /* FileContent.swift in Sources */,
				583169F320A2DFA3003090FF /* ConvenienceInit.swift in Sources */,
				58B715D61EC04483004A2FA7 /* UITextField+Placeholder.swift in Sources */,
				5843AF0520BD4CA900488D93 /* LiteralDispatchTime.swift in Sources */,
				588BD8F920FC403900009790 /* SafeAsync.swift in Sources */,
				58B715D01EC03E6C004A2FA7 /* WindowExtension.swift in Sources */,
				583169E820A2CB8C003090FF /* RegularExpression.swift in Sources */,
				5820CAF8212BB7D50006F54A /* ChildViewController.swift in Sources */,
				58316A0720A2E046003090FF /* UIView+Frame.swift in Sources */,
				58316A0820A2E046003090FF /* UIScreen+Frame.swift in Sources */,
				58BDC5E620C4E010005D8621 /* UserDefaults+Subscript.swift in Sources */,
				58B2B9022133A42E00D6258C /* EnumMap.swift in Sources */,
				58B715A81EC01C70004A2FA7 /* AppDelegate.swift in Sources */,
				583169FE20A2E01A003090FF /* CurrentViewController.swift in Sources */,
				5887F7C52111462B00D582E4 /* DispatchQueue+Extention.swift in Sources */,
				58B715BF1EC01DD3004A2FA7 /* GZHKit.swift in Sources */,
			);
			runOnlyForDeploymentPostprocessing = 0;
		};
/* End PBXSourcesBuildPhase section */

/* Begin PBXVariantGroup section */
		58B715AB1EC01C70004A2FA7 /* Main.storyboard */ = {
			isa = PBXVariantGroup;
			children = (
				58B715AC1EC01C70004A2FA7 /* Base */,
			);
			name = Main.storyboard;
			sourceTree = "<group>";
		};
		58B715B01EC01C70004A2FA7 /* LaunchScreen.storyboard */ = {
			isa = PBXVariantGroup;
			children = (
				58B715B11EC01C70004A2FA7 /* Base */,
			);
			name = LaunchScreen.storyboard;
			sourceTree = "<group>";
		};
/* End PBXVariantGroup section */

/* Begin XCBuildConfiguration section */
		58B715B41EC01C70004A2FA7 /* Debug */ = {
			isa = XCBuildConfiguration;
			buildSettings = {
				ALWAYS_SEARCH_USER_PATHS = NO;
				CLANG_ANALYZER_NONNULL = YES;
				CLANG_ANALYZER_NUMBER_OBJECT_CONVERSION = YES_AGGRESSIVE;
				CLANG_CXX_LANGUAGE_STANDARD = "gnu++0x";
				CLANG_CXX_LIBRARY = "libc++";
				CLANG_ENABLE_MODULES = YES;
				CLANG_ENABLE_OBJC_ARC = YES;
				CLANG_WARN_BLOCK_CAPTURE_AUTORELEASING = YES;
				CLANG_WARN_BOOL_CONVERSION = YES;
				CLANG_WARN_COMMA = YES;
				CLANG_WARN_CONSTANT_CONVERSION = YES;
				CLANG_WARN_DEPRECATED_OBJC_IMPLEMENTATIONS = YES;
				CLANG_WARN_DIRECT_OBJC_ISA_USAGE = YES_ERROR;
				CLANG_WARN_DOCUMENTATION_COMMENTS = YES;
				CLANG_WARN_EMPTY_BODY = YES;
				CLANG_WARN_ENUM_CONVERSION = YES;
				CLANG_WARN_INFINITE_RECURSION = YES;
				CLANG_WARN_INT_CONVERSION = YES;
				CLANG_WARN_NON_LITERAL_NULL_CONVERSION = YES;
				CLANG_WARN_OBJC_IMPLICIT_RETAIN_SELF = YES;
				CLANG_WARN_OBJC_LITERAL_CONVERSION = YES;
				CLANG_WARN_OBJC_ROOT_CLASS = YES_ERROR;
				CLANG_WARN_RANGE_LOOP_ANALYSIS = YES;
				CLANG_WARN_STRICT_PROTOTYPES = YES;
				CLANG_WARN_SUSPICIOUS_MOVE = YES;
				CLANG_WARN_UNREACHABLE_CODE = YES;
				CLANG_WARN__DUPLICATE_METHOD_MATCH = YES;
				"CODE_SIGN_IDENTITY[sdk=iphoneos*]" = "iPhone Developer";
				COPY_PHASE_STRIP = NO;
				DEBUG_INFORMATION_FORMAT = dwarf;
				ENABLE_STRICT_OBJC_MSGSEND = YES;
				ENABLE_TESTABILITY = YES;
				GCC_C_LANGUAGE_STANDARD = gnu99;
				GCC_DYNAMIC_NO_PIC = NO;
				GCC_NO_COMMON_BLOCKS = YES;
				GCC_OPTIMIZATION_LEVEL = 0;
				GCC_PREPROCESSOR_DEFINITIONS = (
					"DEBUG=1",
					"$(inherited)",
				);
				GCC_WARN_64_TO_32_BIT_CONVERSION = YES;
				GCC_WARN_ABOUT_RETURN_TYPE = YES_ERROR;
				GCC_WARN_UNDECLARED_SELECTOR = YES;
				GCC_WARN_UNINITIALIZED_AUTOS = YES_AGGRESSIVE;
				GCC_WARN_UNUSED_FUNCTION = YES;
				GCC_WARN_UNUSED_VARIABLE = YES;
				IPHONEOS_DEPLOYMENT_TARGET = 10;
				MTL_ENABLE_DEBUG_INFO = YES;
				ONLY_ACTIVE_ARCH = YES;
				SDKROOT = iphoneos;
				SWIFT_ACTIVE_COMPILATION_CONDITIONS = DEBUG;
				SWIFT_OPTIMIZATION_LEVEL = "-Onone";
			};
			name = Debug;
		};
		58B715B51EC01C70004A2FA7 /* Release */ = {
			isa = XCBuildConfiguration;
			buildSettings = {
				ALWAYS_SEARCH_USER_PATHS = NO;
				CLANG_ANALYZER_NONNULL = YES;
				CLANG_ANALYZER_NUMBER_OBJECT_CONVERSION = YES_AGGRESSIVE;
				CLANG_CXX_LANGUAGE_STANDARD = "gnu++0x";
				CLANG_CXX_LIBRARY = "libc++";
				CLANG_ENABLE_MODULES = YES;
				CLANG_ENABLE_OBJC_ARC = YES;
				CLANG_WARN_BLOCK_CAPTURE_AUTORELEASING = YES;
				CLANG_WARN_BOOL_CONVERSION = YES;
				CLANG_WARN_COMMA = YES;
				CLANG_WARN_CONSTANT_CONVERSION = YES;
				CLANG_WARN_DEPRECATED_OBJC_IMPLEMENTATIONS = YES;
				CLANG_WARN_DIRECT_OBJC_ISA_USAGE = YES_ERROR;
				CLANG_WARN_DOCUMENTATION_COMMENTS = YES;
				CLANG_WARN_EMPTY_BODY = YES;
				CLANG_WARN_ENUM_CONVERSION = YES;
				CLANG_WARN_INFINITE_RECURSION = YES;
				CLANG_WARN_INT_CONVERSION = YES;
				CLANG_WARN_NON_LITERAL_NULL_CONVERSION = YES;
				CLANG_WARN_OBJC_IMPLICIT_RETAIN_SELF = YES;
				CLANG_WARN_OBJC_LITERAL_CONVERSION = YES;
				CLANG_WARN_OBJC_ROOT_CLASS = YES_ERROR;
				CLANG_WARN_RANGE_LOOP_ANALYSIS = YES;
				CLANG_WARN_STRICT_PROTOTYPES = YES;
				CLANG_WARN_SUSPICIOUS_MOVE = YES;
				CLANG_WARN_UNREACHABLE_CODE = YES;
				CLANG_WARN__DUPLICATE_METHOD_MATCH = YES;
				"CODE_SIGN_IDENTITY[sdk=iphoneos*]" = "iPhone Developer";
				COPY_PHASE_STRIP = NO;
				DEBUG_INFORMATION_FORMAT = "dwarf-with-dsym";
				ENABLE_NS_ASSERTIONS = NO;
				ENABLE_STRICT_OBJC_MSGSEND = YES;
				GCC_C_LANGUAGE_STANDARD = gnu99;
				GCC_NO_COMMON_BLOCKS = YES;
				GCC_WARN_64_TO_32_BIT_CONVERSION = YES;
				GCC_WARN_ABOUT_RETURN_TYPE = YES_ERROR;
				GCC_WARN_UNDECLARED_SELECTOR = YES;
				GCC_WARN_UNINITIALIZED_AUTOS = YES_AGGRESSIVE;
				GCC_WARN_UNUSED_FUNCTION = YES;
				GCC_WARN_UNUSED_VARIABLE = YES;
				IPHONEOS_DEPLOYMENT_TARGET = 10;
				MTL_ENABLE_DEBUG_INFO = NO;
				SDKROOT = iphoneos;
				SWIFT_OPTIMIZATION_LEVEL = "-Owholemodule";
				VALIDATE_PRODUCT = YES;
			};
			name = Release;
		};
		58B715B71EC01C70004A2FA7 /* Debug */ = {
			isa = XCBuildConfiguration;
			baseConfigurationReference = 70843A45BD1E2167EE15A1AE /* Pods-GZHKitSwiftExample.debug.xcconfig */;
			buildSettings = {
				ASSETCATALOG_COMPILER_APPICON_NAME = AppIcon;
				CODE_SIGN_IDENTITY = "iPhone Developer";
				CODE_SIGN_STYLE = Automatic;
				DEVELOPMENT_TEAM = "";
				INFOPLIST_FILE = GZHKitSwiftExample/Info.plist;
				LD_RUNPATH_SEARCH_PATHS = "$(inherited) @executable_path/Frameworks";
				PRODUCT_BUNDLE_IDENTIFIER = noCom.GZHKitSwiftExample;
				PRODUCT_NAME = "$(TARGET_NAME)";
				PROVISIONING_PROFILE_SPECIFIER = "";
				SWIFT_VERSION = 4.2;
			};
			name = Debug;
		};
		58B715B81EC01C70004A2FA7 /* Release */ = {
			isa = XCBuildConfiguration;
			baseConfigurationReference = 92185F624B88C452E47DB081 /* Pods-GZHKitSwiftExample.release.xcconfig */;
			buildSettings = {
				ASSETCATALOG_COMPILER_APPICON_NAME = AppIcon;
				CODE_SIGN_IDENTITY = "iPhone Developer";
				CODE_SIGN_STYLE = Automatic;
				DEVELOPMENT_TEAM = "";
				INFOPLIST_FILE = GZHKitSwiftExample/Info.plist;
				LD_RUNPATH_SEARCH_PATHS = "$(inherited) @executable_path/Frameworks";
				PRODUCT_BUNDLE_IDENTIFIER = noCom.GZHKitSwiftExample;
				PRODUCT_NAME = "$(TARGET_NAME)";
				PROVISIONING_PROFILE_SPECIFIER = "";
				SWIFT_VERSION = 4.2;
			};
			name = Release;
		};
/* End XCBuildConfiguration section */

/* Begin XCConfigurationList section */
		58B7159F1EC01C70004A2FA7 /* Build configuration list for PBXProject "GZHKitSwiftExample" */ = {
			isa = XCConfigurationList;
			buildConfigurations = (
				58B715B41EC01C70004A2FA7 /* Debug */,
				58B715B51EC01C70004A2FA7 /* Release */,
			);
			defaultConfigurationIsVisible = 0;
			defaultConfigurationName = Release;
		};
		58B715B61EC01C70004A2FA7 /* Build configuration list for PBXNativeTarget "GZHKitSwiftExample" */ = {
			isa = XCConfigurationList;
			buildConfigurations = (
				58B715B71EC01C70004A2FA7 /* Debug */,
				58B715B81EC01C70004A2FA7 /* Release */,
			);
			defaultConfigurationIsVisible = 0;
			defaultConfigurationName = Release;
		};
/* End XCConfigurationList section */
	};
	rootObject = 58B7159C1EC01C70004A2FA7 /* Project object */;
}
